
Microsoft Visual Studio Solution File, Format Version 12.00
# Visual Studio 15
VisualStudioVersion = 15.0.28307.960
MinimumVisualStudioVersion = 10.0.40219.1
Project("{FAE04EC0-301F-11D3-BF4B-00C04F79EFBC}") = "GarageLogic", "GarageLogic\GarageLogic.csproj", "{D074B32F-BEE5-41BB-8941-5279B5DBEC39}"
EndProject
Project("{FAE04EC0-301F-11D3-BF4B-00C04F79EFBC}") = "ConsoleUI", "ConsoleUI\ConsoleUI.csproj", "{15D337D0-5895-41ED-8FF1-95C00DA423D6}"
EndProject
Project("{2150E333-8FDC-42A3-9474-1A3956D46DE8}") = "Solution Items", "Solution Items", "{6067E7FC-1E1E-4532-9D4F-3756C38F9E06}"
EndProject
Global
	GlobalSection(SolutionConfigurationPlatforms) = preSolution
		Debug|Any CPU = Debug|Any CPU
		Release|Any CPU = Release|Any CPU
	EndGlobalSection
	GlobalSection(ProjectConfigurationPlatforms) = postSolution
		{D074B32F-BEE5-41BB-8941-5279B5DBEC39}.Debug|Any CPU.ActiveCfg = Debug|Any CPU
		{D074B32F-BEE5-41BB-8941-5279B5DBEC39}.Debug|Any CPU.Build.0 = Debug|Any CPU
		{D074B32F-BEE5-41BB-8941-5279B5DBEC39}.Release|Any CPU.ActiveCfg = Release|Any CPU
		{D074B32F-BEE5-41BB-8941-5279B5DBEC39}.Release|Any CPU.Build.0 = Release|Any CPU
		{15D337D0-5895-41ED-8FF1-95C00DA423D6}.Debug|Any CPU.ActiveCfg = Debug|Any CPU
		{15D337D0-5895-41ED-8FF1-95C00DA423D6}.Debug|Any CPU.Build.0 = Debug|Any CPU
		{15D337D0-5895-41ED-8FF1-95C00DA423D6}.Release|Any CPU.ActiveCfg = Release|Any CPU
		{15D337D0-5895-41ED-8FF1-95C00DA423D6}.Release|Any CPU.Build.0 = Release|Any CPU
	EndGlobalSection
	GlobalSection(SolutionProperties) = preSolution
		HideSolutionNode = FALSE
	EndGlobalSection
	GlobalSection(ExtensibilityGlobals) = postSolution
		SolutionGuid = {98BDB9BC-9574-4994-BB45-44D53C628186}
	EndGlobalSection
EndGlobal
